
Microsoft Visual Studio Solution File, Format Version 12.00
# Visual Studio Version 17
VisualStudioVersion = 17.3.32922.545
MinimumVisualStudioVersion = 10.0.40219.1
Project("{FAE04EC0-301F-11D3-BF4B-00C04F79EFBC}") = "SampleConsole", "SampleConsole\SampleConsole.csproj", "{FCBD0B43-09DE-4C67-993E-8389BBC849FA}"
EndProject
Global
	GlobalSection(SolutionConfigurationPlatforms) = preSolution
		Debug|Any CPU = Debug|Any CPU
		Release|Any CPU = Release|Any CPU
	EndGlobalSection
	GlobalSection(ProjectConfigurationPlatforms) = postSolution
		{FCBD0B43-09DE-4C67-993E-8389BBC849FA}.Debug|Any CPU.ActiveCfg = Debug|Any CPU
		{FCBD0B43-09DE-4C67-993E-8389BBC849FA}.Debug|Any CPU.Build.0 = Debug|Any CPU
		{FCBD0B43-09DE-4C67-993E-8389BBC849FA}.Release|Any CPU.ActiveCfg = Release|Any CPU
		{FCBD0B43-09DE-4C67-993E-8389BBC849FA}.Release|Any CPU.Build.0 = Release|Any CPU
	EndGlobalSection
	GlobalSection(SolutionProperties) = preSolution
		HideSolutionNode = FALSE
	EndGlobalSection
	GlobalSection(ExtensibilityGlobals) = postSolution
		SolutionGuid = {147A3FB1-BDC5-4B5F-804C-527E722E819C}
	EndGlobalSection
EndGlobal
