
Microsoft Visual Studio Solution File, Format Version 12.00
# Visual Studio Version 17
VisualStudioVersion = 17.3.32922.545
MinimumVisualStudioVersion = 10.0.40219.1
Project("{FAE04EC0-301F-11D3-BF4B-00C04F79EFBC}") = "WPFGameSystem", "WPFGameSystem\WPFGameSystem.csproj", "{C8BB30D5-835A-4954-9C10-F26668EC6B7F}"
EndProject
Global
	GlobalSection(SolutionConfigurationPlatforms) = preSolution
		Debug|Any CPU = Debug|Any CPU
		Release|Any CPU = Release|Any CPU
	EndGlobalSection
	GlobalSection(ProjectConfigurationPlatforms) = postSolution
		{C8BB30D5-835A-4954-9C10-F26668EC6B7F}.Debug|Any CPU.ActiveCfg = Debug|Any CPU
		{C8BB30D5-835A-4954-9C10-F26668EC6B7F}.Debug|Any CPU.Build.0 = Debug|Any CPU
		{C8BB30D5-835A-4954-9C10-F26668EC6B7F}.Release|Any CPU.ActiveCfg = Release|Any CPU
		{C8BB30D5-835A-4954-9C10-F26668EC6B7F}.Release|Any CPU.Build.0 = Release|Any CPU
	EndGlobalSection
	GlobalSection(SolutionProperties) = preSolution
		HideSolutionNode = FALSE
	EndGlobalSection
	GlobalSection(ExtensibilityGlobals) = postSolution
		SolutionGuid = {B38E083A-3BE8-421F-AA89-88B81B5698E9}
	EndGlobalSection
EndGlobal
