
Microsoft Visual Studio Solution File, Format Version 12.00
# Visual Studio Version 17
VisualStudioVersion = 17.3.32922.545
MinimumVisualStudioVersion = 10.0.40219.1
Project("{FAE04EC0-301F-11D3-BF4B-00C04F79EFBC}") = "DataStructures", "DataStructures\DataStructures.csproj", "{58D4F74F-396A-4E03-9E52-38A295BA2FCB}"
EndProject
Global
	GlobalSection(SolutionConfigurationPlatforms) = preSolution
		Debug|Any CPU = Debug|Any CPU
		Release|Any CPU = Release|Any CPU
	EndGlobalSection
	GlobalSection(ProjectConfigurationPlatforms) = postSolution
		{58D4F74F-396A-4E03-9E52-38A295BA2FCB}.Debug|Any CPU.ActiveCfg = Debug|Any CPU
		{58D4F74F-396A-4E03-9E52-38A295BA2FCB}.Debug|Any CPU.Build.0 = Debug|Any CPU
		{58D4F74F-396A-4E03-9E52-38A295BA2FCB}.Release|Any CPU.ActiveCfg = Release|Any CPU
		{58D4F74F-396A-4E03-9E52-38A295BA2FCB}.Release|Any CPU.Build.0 = Release|Any CPU
	EndGlobalSection
	GlobalSection(SolutionProperties) = preSolution
		HideSolutionNode = FALSE
	EndGlobalSection
	GlobalSection(ExtensibilityGlobals) = postSolution
		SolutionGuid = {F26D91FA-EA6C-490C-98EB-33DF9A9167F1}
	EndGlobalSection
EndGlobal
