
Microsoft Visual Studio Solution File, Format Version 12.00
# Visual Studio Version 17
VisualStudioVersion = 17.3.32922.545
MinimumVisualStudioVersion = 10.0.40219.1
Project("{9A19103F-16F7-4668-BE54-9A1E7A4F7556}") = "03_ProgramFlow_02_Starter", "03_ProgramFlow_02_Starter\03_ProgramFlow_02_Starter.csproj", "{F4228CC3-569D-4770-8E9C-C517AC5FF081}"
EndProject
Global
	GlobalSection(SolutionConfigurationPlatforms) = preSolution
		Debug|Any CPU = Debug|Any CPU
		Release|Any CPU = Release|Any CPU
	EndGlobalSection
	GlobalSection(ProjectConfigurationPlatforms) = postSolution
		{F4228CC3-569D-4770-8E9C-C517AC5FF081}.Debug|Any CPU.ActiveCfg = Debug|Any CPU
		{F4228CC3-569D-4770-8E9C-C517AC5FF081}.Debug|Any CPU.Build.0 = Debug|Any CPU
		{F4228CC3-569D-4770-8E9C-C517AC5FF081}.Release|Any CPU.ActiveCfg = Release|Any CPU
		{F4228CC3-569D-4770-8E9C-C517AC5FF081}.Release|Any CPU.Build.0 = Release|Any CPU
	EndGlobalSection
	GlobalSection(SolutionProperties) = preSolution
		HideSolutionNode = FALSE
	EndGlobalSection
	GlobalSection(ExtensibilityGlobals) = postSolution
		SolutionGuid = {F1A9020C-DAD9-4E61-B7F6-11C8DEC061FD}
	EndGlobalSection
EndGlobal
