
Microsoft Visual Studio Solution File, Format Version 12.00
# Visual Studio Version 17
VisualStudioVersion = 17.3.32922.545
MinimumVisualStudioVersion = 10.0.40219.1
Project("{FAE04EC0-301F-11D3-BF4B-00C04F79EFBC}") = "MSSAAutoLotFunctions", "MSSAAutoLotFunctions\MSSAAutoLotFunctions.csproj", "{8098264B-048B-45FD-8E48-68964079CCBF}"
EndProject
Global
	GlobalSection(SolutionConfigurationPlatforms) = preSolution
		Debug|Any CPU = Debug|Any CPU
		Release|Any CPU = Release|Any CPU
	EndGlobalSection
	GlobalSection(ProjectConfigurationPlatforms) = postSolution
		{8098264B-048B-45FD-8E48-68964079CCBF}.Debug|Any CPU.ActiveCfg = Debug|Any CPU
		{8098264B-048B-45FD-8E48-68964079CCBF}.Debug|Any CPU.Build.0 = Debug|Any CPU
		{8098264B-048B-45FD-8E48-68964079CCBF}.Release|Any CPU.ActiveCfg = Release|Any CPU
		{8098264B-048B-45FD-8E48-68964079CCBF}.Release|Any CPU.Build.0 = Release|Any CPU
	EndGlobalSection
	GlobalSection(SolutionProperties) = preSolution
		HideSolutionNode = FALSE
	EndGlobalSection
	GlobalSection(ExtensibilityGlobals) = postSolution
		SolutionGuid = {F534A52C-1448-4487-845B-94CE2D39EEDE}
	EndGlobalSection
EndGlobal
