
Microsoft Visual Studio Solution File, Format Version 12.00
# Visual Studio Version 17
VisualStudioVersion = 17.3.32922.545
MinimumVisualStudioVersion = 10.0.40219.1
Project("{FAE04EC0-301F-11D3-BF4B-00C04F79EFBC}") = "SimpleFirstFormsDemo", "SimpleFirstFormsDemo\SimpleFirstFormsDemo.csproj", "{3D8E1963-4A33-4535-BA6A-6B4EA29C6324}"
EndProject
Global
	GlobalSection(SolutionConfigurationPlatforms) = preSolution
		Debug|Any CPU = Debug|Any CPU
		Release|Any CPU = Release|Any CPU
	EndGlobalSection
	GlobalSection(ProjectConfigurationPlatforms) = postSolution
		{3D8E1963-4A33-4535-BA6A-6B4EA29C6324}.Debug|Any CPU.ActiveCfg = Debug|Any CPU
		{3D8E1963-4A33-4535-BA6A-6B4EA29C6324}.Debug|Any CPU.Build.0 = Debug|Any CPU
		{3D8E1963-4A33-4535-BA6A-6B4EA29C6324}.Release|Any CPU.ActiveCfg = Release|Any CPU
		{3D8E1963-4A33-4535-BA6A-6B4EA29C6324}.Release|Any CPU.Build.0 = Release|Any CPU
	EndGlobalSection
	GlobalSection(SolutionProperties) = preSolution
		HideSolutionNode = FALSE
	EndGlobalSection
	GlobalSection(ExtensibilityGlobals) = postSolution
		SolutionGuid = {27EDE9B3-2485-42F8-889F-DCF78EF469FC}
	EndGlobalSection
EndGlobal
