
Microsoft Visual Studio Solution File, Format Version 12.00
# Visual Studio Version 17
VisualStudioVersion = 17.3.32922.545
MinimumVisualStudioVersion = 10.0.40219.1
Project("{FAE04EC0-301F-11D3-BF4B-00C04F79EFBC}") = "Week02Base", "Week02Base\Week02Base.csproj", "{F29C098A-0425-4D2A-AC6E-C9B12BDB6612}"
EndProject
Global
	GlobalSection(SolutionConfigurationPlatforms) = preSolution
		Debug|Any CPU = Debug|Any CPU
		Release|Any CPU = Release|Any CPU
	EndGlobalSection
	GlobalSection(ProjectConfigurationPlatforms) = postSolution
		{F29C098A-0425-4D2A-AC6E-C9B12BDB6612}.Debug|Any CPU.ActiveCfg = Debug|Any CPU
		{F29C098A-0425-4D2A-AC6E-C9B12BDB6612}.Debug|Any CPU.Build.0 = Debug|Any CPU
		{F29C098A-0425-4D2A-AC6E-C9B12BDB6612}.Release|Any CPU.ActiveCfg = Release|Any CPU
		{F29C098A-0425-4D2A-AC6E-C9B12BDB6612}.Release|Any CPU.Build.0 = Release|Any CPU
	EndGlobalSection
	GlobalSection(SolutionProperties) = preSolution
		HideSolutionNode = FALSE
	EndGlobalSection
	GlobalSection(ExtensibilityGlobals) = postSolution
		SolutionGuid = {9AB8A020-E044-4376-96A3-F99AA894B776}
	EndGlobalSection
EndGlobal
