
Microsoft Visual Studio Solution File, Format Version 12.00
# Visual Studio Version 17
VisualStudioVersion = 17.3.32922.545
MinimumVisualStudioVersion = 10.0.40219.1
Project("{FAE04EC0-301F-11D3-BF4B-00C04F79EFBC}") = "LiveFileDemo", "LiveFileDemo\LiveFileDemo.csproj", "{8E5B1749-CD0B-4CAB-B4D5-505EA7D37249}"
EndProject
Global
	GlobalSection(SolutionConfigurationPlatforms) = preSolution
		Debug|Any CPU = Debug|Any CPU
		Release|Any CPU = Release|Any CPU
	EndGlobalSection
	GlobalSection(ProjectConfigurationPlatforms) = postSolution
		{8E5B1749-CD0B-4CAB-B4D5-505EA7D37249}.Debug|Any CPU.ActiveCfg = Debug|Any CPU
		{8E5B1749-CD0B-4CAB-B4D5-505EA7D37249}.Debug|Any CPU.Build.0 = Debug|Any CPU
		{8E5B1749-CD0B-4CAB-B4D5-505EA7D37249}.Release|Any CPU.ActiveCfg = Release|Any CPU
		{8E5B1749-CD0B-4CAB-B4D5-505EA7D37249}.Release|Any CPU.Build.0 = Release|Any CPU
	EndGlobalSection
	GlobalSection(SolutionProperties) = preSolution
		HideSolutionNode = FALSE
	EndGlobalSection
	GlobalSection(ExtensibilityGlobals) = postSolution
		SolutionGuid = {202C5D9A-8583-4F49-B719-1B2A2EFA6699}
	EndGlobalSection
EndGlobal
