
Microsoft Visual Studio Solution File, Format Version 12.00
# Visual Studio Version 17
VisualStudioVersion = 17.3.32922.545
MinimumVisualStudioVersion = 10.0.40219.1
Project("{FAE04EC0-301F-11D3-BF4B-00C04F79EFBC}") = "TryCatchFinally", "TryCatchFinally\TryCatchFinally.csproj", "{FA7AB2B7-961D-4C7C-B766-4179198FDA09}"
EndProject
Global
	GlobalSection(SolutionConfigurationPlatforms) = preSolution
		Debug|Any CPU = Debug|Any CPU
		Release|Any CPU = Release|Any CPU
	EndGlobalSection
	GlobalSection(ProjectConfigurationPlatforms) = postSolution
		{FA7AB2B7-961D-4C7C-B766-4179198FDA09}.Debug|Any CPU.ActiveCfg = Debug|Any CPU
		{FA7AB2B7-961D-4C7C-B766-4179198FDA09}.Debug|Any CPU.Build.0 = Debug|Any CPU
		{FA7AB2B7-961D-4C7C-B766-4179198FDA09}.Release|Any CPU.ActiveCfg = Release|Any CPU
		{FA7AB2B7-961D-4C7C-B766-4179198FDA09}.Release|Any CPU.Build.0 = Release|Any CPU
	EndGlobalSection
	GlobalSection(SolutionProperties) = preSolution
		HideSolutionNode = FALSE
	EndGlobalSection
	GlobalSection(ExtensibilityGlobals) = postSolution
		SolutionGuid = {11F086DF-271B-451E-B7AA-FC0CBF234D8A}
	EndGlobalSection
EndGlobal
