
Microsoft Visual Studio Solution File, Format Version 12.00
# Visual Studio Version 17
VisualStudioVersion = 17.3.32922.545
MinimumVisualStudioVersion = 10.0.40219.1
Project("{FAE04EC0-301F-11D3-BF4B-00C04F79EFBC}") = "SlidingWindowArrayCalculation", "SlidingWindowArrayCalculation\SlidingWindowArrayCalculation.csproj", "{20DD8005-6AE4-491C-9848-F91F85FAEC38}"
EndProject
Global
	GlobalSection(SolutionConfigurationPlatforms) = preSolution
		Debug|Any CPU = Debug|Any CPU
		Release|Any CPU = Release|Any CPU
	EndGlobalSection
	GlobalSection(ProjectConfigurationPlatforms) = postSolution
		{20DD8005-6AE4-491C-9848-F91F85FAEC38}.Debug|Any CPU.ActiveCfg = Debug|Any CPU
		{20DD8005-6AE4-491C-9848-F91F85FAEC38}.Debug|Any CPU.Build.0 = Debug|Any CPU
		{20DD8005-6AE4-491C-9848-F91F85FAEC38}.Release|Any CPU.ActiveCfg = Release|Any CPU
		{20DD8005-6AE4-491C-9848-F91F85FAEC38}.Release|Any CPU.Build.0 = Release|Any CPU
	EndGlobalSection
	GlobalSection(SolutionProperties) = preSolution
		HideSolutionNode = FALSE
	EndGlobalSection
	GlobalSection(ExtensibilityGlobals) = postSolution
		SolutionGuid = {5E7A17BC-36B0-4EE6-857B-242A792258B6}
	EndGlobalSection
EndGlobal
