
Microsoft Visual Studio Solution File, Format Version 12.00
# Visual Studio Version 17
VisualStudioVersion = 17.3.32922.545
MinimumVisualStudioVersion = 10.0.40219.1
Project("{9A19103F-16F7-4668-BE54-9A1E7A4F7556}") = "WorkingWithADatabaseUsingADONet", "WorkingWithADatabaseUsingADONet\WorkingWithADatabaseUsingADONet.csproj", "{06ACAE3B-6F33-41B6-BBDE-89C926E3383D}"
EndProject
Project("{FAE04EC0-301F-11D3-BF4B-00C04F79EFBC}") = "MovieDataModels", "MovieDataModels\MovieDataModels.csproj", "{5984EBB7-47F0-484A-867D-5501FF36E4CE}"
EndProject
Global
	GlobalSection(SolutionConfigurationPlatforms) = preSolution
		Debug|Any CPU = Debug|Any CPU
		Release|Any CPU = Release|Any CPU
	EndGlobalSection
	GlobalSection(ProjectConfigurationPlatforms) = postSolution
		{06ACAE3B-6F33-41B6-BBDE-89C926E3383D}.Debug|Any CPU.ActiveCfg = Debug|Any CPU
		{06ACAE3B-6F33-41B6-BBDE-89C926E3383D}.Debug|Any CPU.Build.0 = Debug|Any CPU
		{06ACAE3B-6F33-41B6-BBDE-89C926E3383D}.Release|Any CPU.ActiveCfg = Release|Any CPU
		{06ACAE3B-6F33-41B6-BBDE-89C926E3383D}.Release|Any CPU.Build.0 = Release|Any CPU
		{5984EBB7-47F0-484A-867D-5501FF36E4CE}.Debug|Any CPU.ActiveCfg = Debug|Any CPU
		{5984EBB7-47F0-484A-867D-5501FF36E4CE}.Debug|Any CPU.Build.0 = Debug|Any CPU
		{5984EBB7-47F0-484A-867D-5501FF36E4CE}.Release|Any CPU.ActiveCfg = Release|Any CPU
		{5984EBB7-47F0-484A-867D-5501FF36E4CE}.Release|Any CPU.Build.0 = Release|Any CPU
	EndGlobalSection
	GlobalSection(SolutionProperties) = preSolution
		HideSolutionNode = FALSE
	EndGlobalSection
	GlobalSection(ExtensibilityGlobals) = postSolution
		SolutionGuid = {B2ECB1B3-38A9-448B-99B1-8D55B172917D}
	EndGlobalSection
EndGlobal
